{
    "name": "app-service-hello-world",
    "version": "0.0.1",
    "lockfileVersion": 1,
    "requires": true,
    "dependencies": {
        "starwars": {
            "version": "1.0.0",
            "resolved": "https://registry.npmjs.org/starwars/-/starwars-1.0.0.tgz",
            "integrity": "sha1-M9S7aH4QfSdSkuRH5fWgPGM97d8="
        }
    }
}
